
Microsoft Visual Studio Solution File, Format Version 12.00
# Visual Studio 14
VisualStudioVersion = 14.0.25420.1
MinimumVisualStudioVersion = 10.0.40219.1
Project("{FAE04EC0-301F-11D3-BF4B-00C04F79EFBC}") = "JinHeMilk", "JinHeMilk\JinHeMilk.csproj", "{3BA27AC3-37C2-4431-903E-F74A3409077A}"
EndProject
Project("{FAE04EC0-301F-11D3-BF4B-00C04F79EFBC}") = "DAL", "DAL\DAL.csproj", "{2EC9776B-F89F-45CE-9E59-D7A4E2C8B136}"
EndProject
Project("{FAE04EC0-301F-11D3-BF4B-00C04F79EFBC}") = "BLL", "BLL\BLL.csproj", "{56CCD07A-F775-4838-93DE-F313FB76ED5A}"
EndProject
Project("{FAE04EC0-301F-11D3-BF4B-00C04F79EFBC}") = "Models", "Models\Models.csproj", "{AF68D07B-4965-4FE4-92B3-93255DA0350B}"
EndProject
Global
	GlobalSection(SolutionConfigurationPlatforms) = preSolution
		Debug|Any CPU = Debug|Any CPU
		Release|Any CPU = Release|Any CPU
	EndGlobalSection
	GlobalSection(ProjectConfigurationPlatforms) = postSolution
		{3BA27AC3-37C2-4431-903E-F74A3409077A}.Debug|Any CPU.ActiveCfg = Debug|Any CPU
		{3BA27AC3-37C2-4431-903E-F74A3409077A}.Debug|Any CPU.Build.0 = Debug|Any CPU
		{3BA27AC3-37C2-4431-903E-F74A3409077A}.Release|Any CPU.ActiveCfg = Release|Any CPU
		{3BA27AC3-37C2-4431-903E-F74A3409077A}.Release|Any CPU.Build.0 = Release|Any CPU
		{2EC9776B-F89F-45CE-9E59-D7A4E2C8B136}.Debug|Any CPU.ActiveCfg = Debug|Any CPU
		{2EC9776B-F89F-45CE-9E59-D7A4E2C8B136}.Debug|Any CPU.Build.0 = Debug|Any CPU
		{2EC9776B-F89F-45CE-9E59-D7A4E2C8B136}.Release|Any CPU.ActiveCfg = Release|Any CPU
		{2EC9776B-F89F-45CE-9E59-D7A4E2C8B136}.Release|Any CPU.Build.0 = Release|Any CPU
		{56CCD07A-F775-4838-93DE-F313FB76ED5A}.Debug|Any CPU.ActiveCfg = Debug|Any CPU
		{56CCD07A-F775-4838-93DE-F313FB76ED5A}.Debug|Any CPU.Build.0 = Debug|Any CPU
		{56CCD07A-F775-4838-93DE-F313FB76ED5A}.Release|Any CPU.ActiveCfg = Release|Any CPU
		{56CCD07A-F775-4838-93DE-F313FB76ED5A}.Release|Any CPU.Build.0 = Release|Any CPU
		{AF68D07B-4965-4FE4-92B3-93255DA0350B}.Debug|Any CPU.ActiveCfg = Debug|Any CPU
		{AF68D07B-4965-4FE4-92B3-93255DA0350B}.Debug|Any CPU.Build.0 = Debug|Any CPU
		{AF68D07B-4965-4FE4-92B3-93255DA0350B}.Release|Any CPU.ActiveCfg = Release|Any CPU
		{AF68D07B-4965-4FE4-92B3-93255DA0350B}.Release|Any CPU.Build.0 = Release|Any CPU
	EndGlobalSection
	GlobalSection(SolutionProperties) = preSolution
		HideSolutionNode = FALSE
	EndGlobalSection
EndGlobal
